
Microsoft Visual Studio Solution File, Format Version 12.00
# Visual Studio Version 16
VisualStudioVersion = 16.0.30204.135
MinimumVisualStudioVersion = 10.0.40219.1
Project("{FAE04EC0-301F-11D3-BF4B-00C04F79EFBC}") = "SimpleApi", "SimpleApi\SimpleApi.csproj", "{6DED2D01-925B-4F7D-BECF-2AE91D35DAAB}"
EndProject
Global
	GlobalSection(SolutionConfigurationPlatforms) = preSolution
		Debug|Any CPU = Debug|Any CPU
		Release|Any CPU = Release|Any CPU
	EndGlobalSection
	GlobalSection(ProjectConfigurationPlatforms) = postSolution
		{6DED2D01-925B-4F7D-BECF-2AE91D35DAAB}.Debug|Any CPU.ActiveCfg = Debug|Any CPU
		{6DED2D01-925B-4F7D-BECF-2AE91D35DAAB}.Debug|Any CPU.Build.0 = Debug|Any CPU
		{6DED2D01-925B-4F7D-BECF-2AE91D35DAAB}.Release|Any CPU.ActiveCfg = Release|Any CPU
		{6DED2D01-925B-4F7D-BECF-2AE91D35DAAB}.Release|Any CPU.Build.0 = Release|Any CPU
	EndGlobalSection
	GlobalSection(SolutionProperties) = preSolution
		HideSolutionNode = FALSE
	EndGlobalSection
	GlobalSection(ExtensibilityGlobals) = postSolution
		SolutionGuid = {D181A8F9-16C8-49FB-B2B3-243DFB83CD72}
	EndGlobalSection
EndGlobal
